<Project ToolsVersion="4.0" xmlns="http://schemas.microsoft.com/developer/msbuild/2003">
  <ItemGroup>
    <Filter Include="Source Files">
      <UniqueIdentifier>{4FC737F1-C7A5-4376-A066-2A32D752A2FF}</UniqueIdentifier>
      <Extensions>cpp;c;cc;cxx;def;odl;idl;hpj;bat;asm;asmx</Extensions>
    </Filter>
    <Filter Include="Header Files">
      <UniqueIdentifier>{93995380-89BD-4b04-88EB-625FBE52EBFB}</UniqueIdentifier>
      <Extensions>h;hpp;hxx;hm;inl;inc;xsd</Extensions>
    </Filter>
    <Filter Include="Resource Files">
      <UniqueIdentifier>{67DA6AB6-F800-4c08-8B7A-83BB121AAD01}</UniqueIdentifier>
      <Extensions>rc;ico;cur;bmp;dlg;rc2;rct;bin;rgs;gif;jpg;jpeg;jpe;resx;tiff;tif;png;wav</Extensions>
    </Filter>
    <Filter Include="Blocks">
      <UniqueIdentifier>{E0AA74F3-B7FB-4A91-A001-085A25E48A54}</UniqueIdentifier>
    </Filter>
    <Filter Include="Blocks\NanoVG">
      <UniqueIdentifier>{2D127BC1-A131-4BAB-A570-C9031F6E86BE}</UniqueIdentifier>
    </Filter>
    <Filter Include="Blocks\NanoVG\deps">
      <UniqueIdentifier>{580CED94-BCFD-4F7B-8B47-0A0DC4410D1D}</UniqueIdentifier>
    </Filter>
    <Filter Include="Blocks\NanoVG\deps\nanovg">
      <UniqueIdentifier>{43968A76-53E6-4F39-B30B-68C7A2CA46B7}</UniqueIdentifier>
    </Filter>
    <Filter Include="Blocks\NanoVG\deps\nanovg\src">
      <UniqueIdentifier>{79938C06-C6D8-4943-9ECB-3D72215A870A}</UniqueIdentifier>
    </Filter>
    <Filter Include="Blocks\NanoVG\include">
      <UniqueIdentifier>{87E8133B-B96C-41E0-AAF1-BF646F537B25}</UniqueIdentifier>
    </Filter>
    <Filter Include="Blocks\NanoVG\src">
      <UniqueIdentifier>{A733DAB0-F8B4-4DC3-A539-3CC111C391A6}</UniqueIdentifier>
    </Filter>
  </ItemGroup>
  <ItemGroup>
    <ClCompile Include="..\src\HelloSvgApp.cpp">
      <Filter>Source Files</Filter>
    </ClCompile>
    <ClCompile Include="..\src\HelloSvgApp.cpp">
      <Filter>Source Files</Filter>
    </ClCompile>
    <ClInclude Include="..\include\Resources.h">
      <Filter>Header Files</Filter>
    </ClInclude>
    <ClInclude Include="..\..\..\deps\nanovg\src\fontstash.h">
      <Filter>Blocks\NanoVG\deps\nanovg\src</Filter>
    </ClInclude>
    <ClInclude Include="..\..\..\deps\nanovg\src\nanovg.h">
      <Filter>Blocks\NanoVG\deps\nanovg\src</Filter>
    </ClInclude>
    <ClInclude Include="..\..\..\deps\nanovg\src\nanovg_gl.h">
      <Filter>Blocks\NanoVG\deps\nanovg\src</Filter>
    </ClInclude>
    <ClInclude Include="..\..\..\deps\nanovg\src\nanovg_gl_utils.h">
      <Filter>Blocks\NanoVG\deps\nanovg\src</Filter>
    </ClInclude>
    <ClInclude Include="..\..\..\deps\nanovg\src\stb_image.h">
      <Filter>Blocks\NanoVG\deps\nanovg\src</Filter>
    </ClInclude>
    <ClInclude Include="..\..\..\deps\nanovg\src\stb_truetype.h">
      <Filter>Blocks\NanoVG\deps\nanovg\src</Filter>
    </ClInclude>
    <ClCompile Include="..\..\..\deps\nanovg\src\nanovg.c">
      <Filter>Blocks\NanoVG\deps\nanovg\src</Filter>
    </ClCompile>
    <ClInclude Include="..\..\..\include\ci_nanovg.hpp">
      <Filter>Blocks\NanoVG\include</Filter>
    </ClInclude>
    <ClInclude Include="..\..\..\include\ci_nanovg_gl.hpp">
      <Filter>Blocks\NanoVG\include</Filter>
    </ClInclude>
    <ClInclude Include="..\..\..\include\SvgRenderer.hpp">
      <Filter>Blocks\NanoVG\include</Filter>
    </ClInclude>
    <ClCompile Include="..\..\..\src\ci_nanovg.cpp">
      <Filter>Blocks\NanoVG\src</Filter>
    </ClCompile>
    <ClCompile Include="..\..\..\src\ci_nanovg_gl.cpp">
      <Filter>Blocks\NanoVG\src</Filter>
    </ClCompile>
    <ClCompile Include="..\..\..\src\SvgRenderer.cpp">
      <Filter>Blocks\NanoVG\src</Filter>
    </ClCompile>
  </ItemGroup>
  <ItemGroup>
    <ClInclude Include="..\include\Resources.h">
      <Filter>Header Files</Filter>
    </ClInclude>
  </ItemGroup>
  <ItemGroup>
    <ResourceCompile Include="Resources.rc">
      <Filter>Resource Files</Filter>
    </ResourceCompile>
  </ItemGroup>
</Project>
