
Microsoft Visual Studio Solution File, Format Version 12.00
# Visual Studio 2013
Project("{8BC9CEB8-8B4A-11D0-8D11-00A0C91BC942}") = "RenderToTexture", "RenderToTexture.vcxproj", "{C42D3C97-1DE2-4B82-A97A-C7AB8388F7C1}"
EndProject
Global
	GlobalSection(SolutionConfigurationPlatforms) = preSolution
		Debug|Win32 = Debug|Win32
		Release|Win32 = Release|Win32
	EndGlobalSection
	GlobalSection(ProjectConfigurationPlatforms) = postSolution
		{C42D3C97-1DE2-4B82-A97A-C7AB8388F7C1}.Debug|Win32.ActiveCfg = Debug|Win32
		{C42D3C97-1DE2-4B82-A97A-C7AB8388F7C1}.Debug|Win32.Build.0 = Debug|Win32
		{C42D3C97-1DE2-4B82-A97A-C7AB8388F7C1}.Release|Win32.ActiveCfg = Release|Win32
		{C42D3C97-1DE2-4B82-A97A-C7AB8388F7C1}.Release|Win32.Build.0 = Release|Win32
	EndGlobalSection
	GlobalSection(SolutionProperties) = preSolution
		HideSolutionNode = FALSE
	EndGlobalSection
EndGlobal
