<Project ToolsVersion="4.0" xmlns="http://schemas.microsoft.com/developer/msbuild/2003">
  <ItemGroup>
    <Filter Include="Source Files">
      <UniqueIdentifier>{4FC737F1-C7A5-4376-A066-2A32D752A2FF}</UniqueIdentifier>
      <Extensions>cpp;c;cc;cxx;def;odl;idl;hpj;bat;asm;asmx</Extensions>
    </Filter>
    <Filter Include="Header Files">
      <UniqueIdentifier>{93995380-89BD-4b04-88EB-625FBE52EBFB}</UniqueIdentifier>
      <Extensions>h;hpp;hxx;hm;inl;inc;xsd</Extensions>
    </Filter>
    <Filter Include="Resource Files">
      <UniqueIdentifier>{67DA6AB6-F800-4c08-8B7A-83BB121AAD01}</UniqueIdentifier>
      <Extensions>rc;ico;cur;bmp;dlg;rc2;rct;bin;rgs;gif;jpg;jpeg;jpe;resx;tiff;tif;png;wav</Extensions>
    </Filter>
    <Filter Include="Blocks">
      <UniqueIdentifier>{6FCC77A2-EF61-4F33-8C23-6A1280F8B0EF}</UniqueIdentifier>
    </Filter>
    <Filter Include="Blocks\NanoVG">
      <UniqueIdentifier>{CD8246B3-515C-4D32-9459-AC4E5EA8C6B0}</UniqueIdentifier>
    </Filter>
    <Filter Include="Blocks\NanoVG\deps">
      <UniqueIdentifier>{605FBD4F-03FF-40DC-B2F5-4B77F921F129}</UniqueIdentifier>
    </Filter>
    <Filter Include="Blocks\NanoVG\deps\nanovg">
      <UniqueIdentifier>{47CF133D-D04C-4714-BE21-C0C529B349F4}</UniqueIdentifier>
    </Filter>
    <Filter Include="Blocks\NanoVG\deps\nanovg\src">
      <UniqueIdentifier>{2C8ED4FB-EBFA-4C2C-A93B-69A93ED2EE3E}</UniqueIdentifier>
    </Filter>
    <Filter Include="Blocks\NanoVG\include">
      <UniqueIdentifier>{486C5064-BF38-415A-B2EC-2E432F20DBF4}</UniqueIdentifier>
    </Filter>
    <Filter Include="Blocks\NanoVG\src">
      <UniqueIdentifier>{A789EB07-CB79-4AB7-B4F7-97BED48CFE75}</UniqueIdentifier>
    </Filter>
  </ItemGroup>
  <ItemGroup>
    <ClCompile Include="..\src\HelloWorldApp.cpp">
      <Filter>Source Files</Filter>
    </ClCompile>
    <ClCompile Include="..\src\HelloWorldApp.cpp">
      <Filter>Source Files</Filter>
    </ClCompile>
    <ClInclude Include="..\include\Resources.h">
      <Filter>Header Files</Filter>
    </ClInclude>
    <ClInclude Include="..\..\..\deps\nanovg\src\fontstash.h">
      <Filter>Blocks\NanoVG\deps\nanovg\src</Filter>
    </ClInclude>
    <ClInclude Include="..\..\..\deps\nanovg\src\nanovg.h">
      <Filter>Blocks\NanoVG\deps\nanovg\src</Filter>
    </ClInclude>
    <ClInclude Include="..\..\..\deps\nanovg\src\nanovg_gl.h">
      <Filter>Blocks\NanoVG\deps\nanovg\src</Filter>
    </ClInclude>
    <ClInclude Include="..\..\..\deps\nanovg\src\nanovg_gl_utils.h">
      <Filter>Blocks\NanoVG\deps\nanovg\src</Filter>
    </ClInclude>
    <ClInclude Include="..\..\..\deps\nanovg\src\stb_image.h">
      <Filter>Blocks\NanoVG\deps\nanovg\src</Filter>
    </ClInclude>
    <ClInclude Include="..\..\..\deps\nanovg\src\stb_truetype.h">
      <Filter>Blocks\NanoVG\deps\nanovg\src</Filter>
    </ClInclude>
    <ClCompile Include="..\..\..\deps\nanovg\src\nanovg.c">
      <Filter>Blocks\NanoVG\deps\nanovg\src</Filter>
    </ClCompile>
    <ClInclude Include="..\..\..\include\ci_nanovg.hpp">
      <Filter>Blocks\NanoVG\include</Filter>
    </ClInclude>
    <ClInclude Include="..\..\..\include\ci_nanovg_gl.hpp">
      <Filter>Blocks\NanoVG\include</Filter>
    </ClInclude>
    <ClInclude Include="..\..\..\include\SvgRenderer.hpp">
      <Filter>Blocks\NanoVG\include</Filter>
    </ClInclude>
    <ClCompile Include="..\..\..\src\ci_nanovg.cpp">
      <Filter>Blocks\NanoVG\src</Filter>
    </ClCompile>
    <ClCompile Include="..\..\..\src\ci_nanovg_gl.cpp">
      <Filter>Blocks\NanoVG\src</Filter>
    </ClCompile>
    <ClCompile Include="..\..\..\src\SvgRenderer.cpp">
      <Filter>Blocks\NanoVG\src</Filter>
    </ClCompile>
  </ItemGroup>
  <ItemGroup>
    <ClInclude Include="..\include\Resources.h">
      <Filter>Header Files</Filter>
    </ClInclude>
  </ItemGroup>
  <ItemGroup>
    <ResourceCompile Include="Resources.rc">
      <Filter>Resource Files</Filter>
    </ResourceCompile>
  </ItemGroup>
</Project>
